
Microsoft Visual Studio Solution File, Format Version 9.00
# Visual Studio 2005
Project("{8BC9CEB8-8B4A-11D0-8D11-00A0C91BC942}") = "QMPCLIEnc", "QMPCLIEnc.vcproj", "{41181EC2-50A9-46F3-A9A1-3C3E6F512192}"
EndProject
Global
	GlobalSection(SolutionConfigurationPlatforms) = preSolution
		Debug|Win32 = Debug|Win32
		Release|Win32 = Release|Win32
	EndGlobalSection
	GlobalSection(ProjectConfigurationPlatforms) = postSolution
		{41181EC2-50A9-46F3-A9A1-3C3E6F512192}.Debug|Win32.ActiveCfg = Debug|Win32
		{41181EC2-50A9-46F3-A9A1-3C3E6F512192}.Debug|Win32.Build.0 = Debug|Win32
		{41181EC2-50A9-46F3-A9A1-3C3E6F512192}.Release|Win32.ActiveCfg = Release|Win32
		{41181EC2-50A9-46F3-A9A1-3C3E6F512192}.Release|Win32.Build.0 = Release|Win32
	EndGlobalSection
	GlobalSection(SolutionProperties) = preSolution
		HideSolutionNode = FALSE
	EndGlobalSection
EndGlobal
